
Microsoft Visual Studio Solution File, Format Version 12.00
# Visual Studio Version 17
VisualStudioVersion = 17.9.34728.123
MinimumVisualStudioVersion = 10.0.40219.1
Project("{FAE04EC0-301F-11D3-BF4B-00C04F79EFBC}") = "DataBase practice Day 33!", "DataBase practice Day 33!.csproj", "{C13EADDB-ED38-452C-BCE4-9553FB26A51C}"
EndProject
Global
	GlobalSection(SolutionConfigurationPlatforms) = preSolution
		Debug|Any CPU = Debug|Any CPU
		Release|Any CPU = Release|Any CPU
	EndGlobalSection
	GlobalSection(ProjectConfigurationPlatforms) = postSolution
		{C13EADDB-ED38-452C-BCE4-9553FB26A51C}.Debug|Any CPU.ActiveCfg = Debug|Any CPU
		{C13EADDB-ED38-452C-BCE4-9553FB26A51C}.Debug|Any CPU.Build.0 = Debug|Any CPU
		{C13EADDB-ED38-452C-BCE4-9553FB26A51C}.Release|Any CPU.ActiveCfg = Release|Any CPU
		{C13EADDB-ED38-452C-BCE4-9553FB26A51C}.Release|Any CPU.Build.0 = Release|Any CPU
	EndGlobalSection
	GlobalSection(SolutionProperties) = preSolution
		HideSolutionNode = FALSE
	EndGlobalSection
	GlobalSection(ExtensibilityGlobals) = postSolution
		SolutionGuid = {1AD676CD-B4D3-410E-AF93-1336251BE31B}
	EndGlobalSection
EndGlobal
